
Microsoft Visual Studio Solution File, Format Version 11.00
# Visual Studio 2010
Project("{FAE04EC0-301F-11D3-BF4B-00C04F79EFBC}") = "Lokad.Cqrs.Portable", "Core\Lokad.Cqrs.Portable\Lokad.Cqrs.Portable.csproj", "{4E2E749C-4D6F-4EF8-8E9D-96D467306997}"
EndProject
Project("{FAE04EC0-301F-11D3-BF4B-00C04F79EFBC}") = "Lokad.Cqrs.Azure", "Core\Lokad.Cqrs.Azure\Lokad.Cqrs.Azure.csproj", "{AEE2B47D-591D-42B5-8EDC-CC676A661F9D}"
EndProject
Project("{2150E333-8FDC-42A3-9474-1A3956D46DE8}") = "Core", "Core", "{54CFCF76-B05B-45F6-8F1F-0EE088E1C77F}"
EndProject
Project("{FAE04EC0-301F-11D3-BF4B-00C04F79EFBC}") = "Lokad.Cqrs.Http", "Core\Lokad.Cqrs.Http\Lokad.Cqrs.Http.csproj", "{31870DB4-9A82-4476-9E6D-F36001029559}"
EndProject
Project("{FAE04EC0-301F-11D3-BF4B-00C04F79EFBC}") = "Snippets", "Snippets\Snippets.csproj", "{81FE0373-6BCA-4CF6-8238-AABE4D9D3E4F}"
EndProject
Project("{FAE04EC0-301F-11D3-BF4B-00C04F79EFBC}") = "Lokad.Cqrs.Portable.Tests", "Core\Lokad.Cqrs.Portable.Tests\Lokad.Cqrs.Portable.Tests.csproj", "{96E3B247-C04C-4138-A042-7969562B4B0F}"
EndProject
Project("{FAE04EC0-301F-11D3-BF4B-00C04F79EFBC}") = "Lokad.Cqrs.Azure.Tests", "Core\Lokad.Cqrs.Azure.Tests\Lokad.Cqrs.Azure.Tests.csproj", "{24DA9150-1C7E-45B3-8A75-EA529081237F}"
EndProject
Project("{2150E333-8FDC-42A3-9474-1A3956D46DE8}") = "SampleProject", "SampleProject", "{836CF553-2224-4EEE-8312-9DBC439307A5}"
EndProject
Project("{FAE04EC0-301F-11D3-BF4B-00C04F79EFBC}") = "Dsl", "SampleProject\Tools\Dsl\Dsl.csproj", "{2CD8DF0F-5CEF-4938-BC26-B3446D2B3044}"
EndProject
Project("{FAE04EC0-301F-11D3-BF4B-00C04F79EFBC}") = "SimpleTests", "SampleProject\Tools\SimpleTests\SimpleTests.csproj", "{861D2282-FC25-424A-BA0C-84FFC3798C51}"
EndProject
Project("{2150E333-8FDC-42A3-9474-1A3956D46DE8}") = "Tools", "Tools", "{4CA060AB-B366-4E78-B7C7-7C35582545CD}"
EndProject
Project("{2150E333-8FDC-42A3-9474-1A3956D46DE8}") = "Infrastructure", "Infrastructure", "{9AED1DC6-669D-4F6D-9903-8DE218C3E663}"
EndProject
Project("{2150E333-8FDC-42A3-9474-1A3956D46DE8}") = "Domain", "Domain", "{103F99C7-A479-4A8B-8CFB-E6374D4228A5}"
EndProject
Project("{FAE04EC0-301F-11D3-BF4B-00C04F79EFBC}") = "Sample.Contracts", "SampleProject\Source\Sample.Contracts\Sample.Contracts.csproj", "{2A4A9A2C-5D8D-4078-B118-02A1D386A9FA}"
EndProject
Project("{FAE04EC0-301F-11D3-BF4B-00C04F79EFBC}") = "Sample.Domain", "SampleProject\Source\Sample.Domain\Sample.Domain.csproj", "{85F10E26-B454-4719-9ADD-A8CD147B0AE4}"
EndProject
Project("{FAE04EC0-301F-11D3-BF4B-00C04F79EFBC}") = "Sample.Domain.Tests", "SampleProject\Source\Sample.Domain.Tests\Sample.Domain.Tests.csproj", "{6851BB9D-1A9B-4CAB-9424-79D07992D9C6}"
EndProject
Project("{2150E333-8FDC-42A3-9474-1A3956D46DE8}") = "UI", "UI", "{3DC343BE-17F8-4291-958E-1862204E7366}"
EndProject
Project("{FAE04EC0-301F-11D3-BF4B-00C04F79EFBC}") = "Sample.Projections", "SampleProject\Source\Sample.Projections\Sample.Projections.csproj", "{37C981DB-8D49-42B8-8854-53A2945F53A8}"
EndProject
Project("{FAE04EC0-301F-11D3-BF4B-00C04F79EFBC}") = "Sample.Views", "SampleProject\Source\Sample.Views\Sample.Views.csproj", "{F6037B5D-F616-427B-A742-46200046A47A}"
EndProject
Project("{FAE04EC0-301F-11D3-BF4B-00C04F79EFBC}") = "Sample.Wires", "SampleProject\Source\Sample.Wires\Sample.Wires.csproj", "{5EE3B59D-B4BD-4466-95DD-334D0A9C784C}"
EndProject
Project("{FAE04EC0-301F-11D3-BF4B-00C04F79EFBC}") = "Sample.Engine", "SampleProject\Source\Sample.Engine\Sample.Engine.csproj", "{588F0A4F-507D-4178-988B-05BCBD33DC0F}"
EndProject
Project("{FAE04EC0-301F-11D3-BF4B-00C04F79EFBC}") = "Audit", "SampleProject\Tools\Audit\Audit.csproj", "{BC973EC1-80D2-4F06-A078-0A7E44E3AE8C}"
EndProject
Global
	GlobalSection(SolutionConfigurationPlatforms) = preSolution
		Debug|Any CPU = Debug|Any CPU
		Debug|Mixed Platforms = Debug|Mixed Platforms
		Debug|x86 = Debug|x86
		Release|Any CPU = Release|Any CPU
		Release|Mixed Platforms = Release|Mixed Platforms
		Release|x86 = Release|x86
	EndGlobalSection
	GlobalSection(ProjectConfigurationPlatforms) = postSolution
		{4E2E749C-4D6F-4EF8-8E9D-96D467306997}.Debug|Any CPU.ActiveCfg = Debug|Any CPU
		{4E2E749C-4D6F-4EF8-8E9D-96D467306997}.Debug|Any CPU.Build.0 = Debug|Any CPU
		{4E2E749C-4D6F-4EF8-8E9D-96D467306997}.Debug|Mixed Platforms.ActiveCfg = Debug|Any CPU
		{4E2E749C-4D6F-4EF8-8E9D-96D467306997}.Debug|Mixed Platforms.Build.0 = Debug|Any CPU
		{4E2E749C-4D6F-4EF8-8E9D-96D467306997}.Debug|x86.ActiveCfg = Debug|Any CPU
		{4E2E749C-4D6F-4EF8-8E9D-96D467306997}.Release|Any CPU.ActiveCfg = Release|Any CPU
		{4E2E749C-4D6F-4EF8-8E9D-96D467306997}.Release|Any CPU.Build.0 = Release|Any CPU
		{4E2E749C-4D6F-4EF8-8E9D-96D467306997}.Release|Mixed Platforms.ActiveCfg = Release|Any CPU
		{4E2E749C-4D6F-4EF8-8E9D-96D467306997}.Release|Mixed Platforms.Build.0 = Release|Any CPU
		{4E2E749C-4D6F-4EF8-8E9D-96D467306997}.Release|x86.ActiveCfg = Release|Any CPU
		{AEE2B47D-591D-42B5-8EDC-CC676A661F9D}.Debug|Any CPU.ActiveCfg = Debug|Any CPU
		{AEE2B47D-591D-42B5-8EDC-CC676A661F9D}.Debug|Any CPU.Build.0 = Debug|Any CPU
		{AEE2B47D-591D-42B5-8EDC-CC676A661F9D}.Debug|Mixed Platforms.ActiveCfg = Debug|Any CPU
		{AEE2B47D-591D-42B5-8EDC-CC676A661F9D}.Debug|Mixed Platforms.Build.0 = Debug|Any CPU
		{AEE2B47D-591D-42B5-8EDC-CC676A661F9D}.Debug|x86.ActiveCfg = Debug|Any CPU
		{AEE2B47D-591D-42B5-8EDC-CC676A661F9D}.Release|Any CPU.ActiveCfg = Release|Any CPU
		{AEE2B47D-591D-42B5-8EDC-CC676A661F9D}.Release|Any CPU.Build.0 = Release|Any CPU
		{AEE2B47D-591D-42B5-8EDC-CC676A661F9D}.Release|Mixed Platforms.ActiveCfg = Release|Any CPU
		{AEE2B47D-591D-42B5-8EDC-CC676A661F9D}.Release|Mixed Platforms.Build.0 = Release|Any CPU
		{AEE2B47D-591D-42B5-8EDC-CC676A661F9D}.Release|x86.ActiveCfg = Release|Any CPU
		{31870DB4-9A82-4476-9E6D-F36001029559}.Debug|Any CPU.ActiveCfg = Debug|Any CPU
		{31870DB4-9A82-4476-9E6D-F36001029559}.Debug|Any CPU.Build.0 = Debug|Any CPU
		{31870DB4-9A82-4476-9E6D-F36001029559}.Debug|Mixed Platforms.ActiveCfg = Debug|Any CPU
		{31870DB4-9A82-4476-9E6D-F36001029559}.Debug|Mixed Platforms.Build.0 = Debug|Any CPU
		{31870DB4-9A82-4476-9E6D-F36001029559}.Debug|x86.ActiveCfg = Debug|Any CPU
		{31870DB4-9A82-4476-9E6D-F36001029559}.Release|Any CPU.ActiveCfg = Release|Any CPU
		{31870DB4-9A82-4476-9E6D-F36001029559}.Release|Any CPU.Build.0 = Release|Any CPU
		{31870DB4-9A82-4476-9E6D-F36001029559}.Release|Mixed Platforms.ActiveCfg = Release|Any CPU
		{31870DB4-9A82-4476-9E6D-F36001029559}.Release|Mixed Platforms.Build.0 = Release|Any CPU
		{31870DB4-9A82-4476-9E6D-F36001029559}.Release|x86.ActiveCfg = Release|Any CPU
		{81FE0373-6BCA-4CF6-8238-AABE4D9D3E4F}.Debug|Any CPU.ActiveCfg = Debug|Any CPU
		{81FE0373-6BCA-4CF6-8238-AABE4D9D3E4F}.Debug|Any CPU.Build.0 = Debug|Any CPU
		{81FE0373-6BCA-4CF6-8238-AABE4D9D3E4F}.Debug|Mixed Platforms.ActiveCfg = Debug|Any CPU
		{81FE0373-6BCA-4CF6-8238-AABE4D9D3E4F}.Debug|Mixed Platforms.Build.0 = Debug|Any CPU
		{81FE0373-6BCA-4CF6-8238-AABE4D9D3E4F}.Debug|x86.ActiveCfg = Debug|Any CPU
		{81FE0373-6BCA-4CF6-8238-AABE4D9D3E4F}.Release|Any CPU.ActiveCfg = Release|Any CPU
		{81FE0373-6BCA-4CF6-8238-AABE4D9D3E4F}.Release|Any CPU.Build.0 = Release|Any CPU
		{81FE0373-6BCA-4CF6-8238-AABE4D9D3E4F}.Release|Mixed Platforms.ActiveCfg = Release|Any CPU
		{81FE0373-6BCA-4CF6-8238-AABE4D9D3E4F}.Release|Mixed Platforms.Build.0 = Release|Any CPU
		{81FE0373-6BCA-4CF6-8238-AABE4D9D3E4F}.Release|x86.ActiveCfg = Release|Any CPU
		{96E3B247-C04C-4138-A042-7969562B4B0F}.Debug|Any CPU.ActiveCfg = Debug|Any CPU
		{96E3B247-C04C-4138-A042-7969562B4B0F}.Debug|Any CPU.Build.0 = Debug|Any CPU
		{96E3B247-C04C-4138-A042-7969562B4B0F}.Debug|Mixed Platforms.ActiveCfg = Debug|Any CPU
		{96E3B247-C04C-4138-A042-7969562B4B0F}.Debug|Mixed Platforms.Build.0 = Debug|Any CPU
		{96E3B247-C04C-4138-A042-7969562B4B0F}.Debug|x86.ActiveCfg = Debug|Any CPU
		{96E3B247-C04C-4138-A042-7969562B4B0F}.Release|Any CPU.ActiveCfg = Release|Any CPU
		{96E3B247-C04C-4138-A042-7969562B4B0F}.Release|Any CPU.Build.0 = Release|Any CPU
		{96E3B247-C04C-4138-A042-7969562B4B0F}.Release|Mixed Platforms.ActiveCfg = Release|Any CPU
		{96E3B247-C04C-4138-A042-7969562B4B0F}.Release|Mixed Platforms.Build.0 = Release|Any CPU
		{96E3B247-C04C-4138-A042-7969562B4B0F}.Release|x86.ActiveCfg = Release|Any CPU
		{24DA9150-1C7E-45B3-8A75-EA529081237F}.Debug|Any CPU.ActiveCfg = Debug|Any CPU
		{24DA9150-1C7E-45B3-8A75-EA529081237F}.Debug|Any CPU.Build.0 = Debug|Any CPU
		{24DA9150-1C7E-45B3-8A75-EA529081237F}.Debug|Mixed Platforms.ActiveCfg = Debug|Any CPU
		{24DA9150-1C7E-45B3-8A75-EA529081237F}.Debug|Mixed Platforms.Build.0 = Debug|Any CPU
		{24DA9150-1C7E-45B3-8A75-EA529081237F}.Debug|x86.ActiveCfg = Debug|Any CPU
		{24DA9150-1C7E-45B3-8A75-EA529081237F}.Release|Any CPU.ActiveCfg = Release|Any CPU
		{24DA9150-1C7E-45B3-8A75-EA529081237F}.Release|Any CPU.Build.0 = Release|Any CPU
		{24DA9150-1C7E-45B3-8A75-EA529081237F}.Release|Mixed Platforms.ActiveCfg = Release|Any CPU
		{24DA9150-1C7E-45B3-8A75-EA529081237F}.Release|Mixed Platforms.Build.0 = Release|Any CPU
		{24DA9150-1C7E-45B3-8A75-EA529081237F}.Release|x86.ActiveCfg = Release|Any CPU
		{2CD8DF0F-5CEF-4938-BC26-B3446D2B3044}.Debug|Any CPU.ActiveCfg = Debug|Any CPU
		{2CD8DF0F-5CEF-4938-BC26-B3446D2B3044}.Debug|Any CPU.Build.0 = Debug|Any CPU
		{2CD8DF0F-5CEF-4938-BC26-B3446D2B3044}.Debug|Mixed Platforms.ActiveCfg = Debug|Any CPU
		{2CD8DF0F-5CEF-4938-BC26-B3446D2B3044}.Debug|Mixed Platforms.Build.0 = Debug|Any CPU
		{2CD8DF0F-5CEF-4938-BC26-B3446D2B3044}.Debug|x86.ActiveCfg = Debug|Any CPU
		{2CD8DF0F-5CEF-4938-BC26-B3446D2B3044}.Release|Any CPU.ActiveCfg = Release|Any CPU
		{2CD8DF0F-5CEF-4938-BC26-B3446D2B3044}.Release|Any CPU.Build.0 = Release|Any CPU
		{2CD8DF0F-5CEF-4938-BC26-B3446D2B3044}.Release|Mixed Platforms.ActiveCfg = Release|Any CPU
		{2CD8DF0F-5CEF-4938-BC26-B3446D2B3044}.Release|Mixed Platforms.Build.0 = Release|Any CPU
		{2CD8DF0F-5CEF-4938-BC26-B3446D2B3044}.Release|x86.ActiveCfg = Release|Any CPU
		{861D2282-FC25-424A-BA0C-84FFC3798C51}.Debug|Any CPU.ActiveCfg = Debug|Any CPU
		{861D2282-FC25-424A-BA0C-84FFC3798C51}.Debug|Any CPU.Build.0 = Debug|Any CPU
		{861D2282-FC25-424A-BA0C-84FFC3798C51}.Debug|Mixed Platforms.ActiveCfg = Debug|Any CPU
		{861D2282-FC25-424A-BA0C-84FFC3798C51}.Debug|Mixed Platforms.Build.0 = Debug|Any CPU
		{861D2282-FC25-424A-BA0C-84FFC3798C51}.Debug|x86.ActiveCfg = Debug|Any CPU
		{861D2282-FC25-424A-BA0C-84FFC3798C51}.Release|Any CPU.ActiveCfg = Release|Any CPU
		{861D2282-FC25-424A-BA0C-84FFC3798C51}.Release|Any CPU.Build.0 = Release|Any CPU
		{861D2282-FC25-424A-BA0C-84FFC3798C51}.Release|Mixed Platforms.ActiveCfg = Release|Any CPU
		{861D2282-FC25-424A-BA0C-84FFC3798C51}.Release|Mixed Platforms.Build.0 = Release|Any CPU
		{861D2282-FC25-424A-BA0C-84FFC3798C51}.Release|x86.ActiveCfg = Release|Any CPU
		{2A4A9A2C-5D8D-4078-B118-02A1D386A9FA}.Debug|Any CPU.ActiveCfg = Debug|Any CPU
		{2A4A9A2C-5D8D-4078-B118-02A1D386A9FA}.Debug|Any CPU.Build.0 = Debug|Any CPU
		{2A4A9A2C-5D8D-4078-B118-02A1D386A9FA}.Debug|Mixed Platforms.ActiveCfg = Debug|Any CPU
		{2A4A9A2C-5D8D-4078-B118-02A1D386A9FA}.Debug|Mixed Platforms.Build.0 = Debug|Any CPU
		{2A4A9A2C-5D8D-4078-B118-02A1D386A9FA}.Debug|x86.ActiveCfg = Debug|Any CPU
		{2A4A9A2C-5D8D-4078-B118-02A1D386A9FA}.Release|Any CPU.ActiveCfg = Release|Any CPU
		{2A4A9A2C-5D8D-4078-B118-02A1D386A9FA}.Release|Any CPU.Build.0 = Release|Any CPU
		{2A4A9A2C-5D8D-4078-B118-02A1D386A9FA}.Release|Mixed Platforms.ActiveCfg = Release|Any CPU
		{2A4A9A2C-5D8D-4078-B118-02A1D386A9FA}.Release|Mixed Platforms.Build.0 = Release|Any CPU
		{2A4A9A2C-5D8D-4078-B118-02A1D386A9FA}.Release|x86.ActiveCfg = Release|Any CPU
		{85F10E26-B454-4719-9ADD-A8CD147B0AE4}.Debug|Any CPU.ActiveCfg = Debug|Any CPU
		{85F10E26-B454-4719-9ADD-A8CD147B0AE4}.Debug|Any CPU.Build.0 = Debug|Any CPU
		{85F10E26-B454-4719-9ADD-A8CD147B0AE4}.Debug|Mixed Platforms.ActiveCfg = Debug|Any CPU
		{85F10E26-B454-4719-9ADD-A8CD147B0AE4}.Debug|Mixed Platforms.Build.0 = Debug|Any CPU
		{85F10E26-B454-4719-9ADD-A8CD147B0AE4}.Debug|x86.ActiveCfg = Debug|Any CPU
		{85F10E26-B454-4719-9ADD-A8CD147B0AE4}.Release|Any CPU.ActiveCfg = Release|Any CPU
		{85F10E26-B454-4719-9ADD-A8CD147B0AE4}.Release|Any CPU.Build.0 = Release|Any CPU
		{85F10E26-B454-4719-9ADD-A8CD147B0AE4}.Release|Mixed Platforms.ActiveCfg = Release|Any CPU
		{85F10E26-B454-4719-9ADD-A8CD147B0AE4}.Release|Mixed Platforms.Build.0 = Release|Any CPU
		{85F10E26-B454-4719-9ADD-A8CD147B0AE4}.Release|x86.ActiveCfg = Release|Any CPU
		{6851BB9D-1A9B-4CAB-9424-79D07992D9C6}.Debug|Any CPU.ActiveCfg = Debug|Any CPU
		{6851BB9D-1A9B-4CAB-9424-79D07992D9C6}.Debug|Any CPU.Build.0 = Debug|Any CPU
		{6851BB9D-1A9B-4CAB-9424-79D07992D9C6}.Debug|Mixed Platforms.ActiveCfg = Debug|Any CPU
		{6851BB9D-1A9B-4CAB-9424-79D07992D9C6}.Debug|Mixed Platforms.Build.0 = Debug|Any CPU
		{6851BB9D-1A9B-4CAB-9424-79D07992D9C6}.Debug|x86.ActiveCfg = Debug|Any CPU
		{6851BB9D-1A9B-4CAB-9424-79D07992D9C6}.Release|Any CPU.ActiveCfg = Release|Any CPU
		{6851BB9D-1A9B-4CAB-9424-79D07992D9C6}.Release|Any CPU.Build.0 = Release|Any CPU
		{6851BB9D-1A9B-4CAB-9424-79D07992D9C6}.Release|Mixed Platforms.ActiveCfg = Release|Any CPU
		{6851BB9D-1A9B-4CAB-9424-79D07992D9C6}.Release|Mixed Platforms.Build.0 = Release|Any CPU
		{6851BB9D-1A9B-4CAB-9424-79D07992D9C6}.Release|x86.ActiveCfg = Release|Any CPU
		{37C981DB-8D49-42B8-8854-53A2945F53A8}.Debug|Any CPU.ActiveCfg = Debug|Any CPU
		{37C981DB-8D49-42B8-8854-53A2945F53A8}.Debug|Any CPU.Build.0 = Debug|Any CPU
		{37C981DB-8D49-42B8-8854-53A2945F53A8}.Debug|Mixed Platforms.ActiveCfg = Debug|Any CPU
		{37C981DB-8D49-42B8-8854-53A2945F53A8}.Debug|Mixed Platforms.Build.0 = Debug|Any CPU
		{37C981DB-8D49-42B8-8854-53A2945F53A8}.Debug|x86.ActiveCfg = Debug|Any CPU
		{37C981DB-8D49-42B8-8854-53A2945F53A8}.Release|Any CPU.ActiveCfg = Release|Any CPU
		{37C981DB-8D49-42B8-8854-53A2945F53A8}.Release|Any CPU.Build.0 = Release|Any CPU
		{37C981DB-8D49-42B8-8854-53A2945F53A8}.Release|Mixed Platforms.ActiveCfg = Release|Any CPU
		{37C981DB-8D49-42B8-8854-53A2945F53A8}.Release|Mixed Platforms.Build.0 = Release|Any CPU
		{37C981DB-8D49-42B8-8854-53A2945F53A8}.Release|x86.ActiveCfg = Release|Any CPU
		{F6037B5D-F616-427B-A742-46200046A47A}.Debug|Any CPU.ActiveCfg = Debug|Any CPU
		{F6037B5D-F616-427B-A742-46200046A47A}.Debug|Any CPU.Build.0 = Debug|Any CPU
		{F6037B5D-F616-427B-A742-46200046A47A}.Debug|Mixed Platforms.ActiveCfg = Debug|Any CPU
		{F6037B5D-F616-427B-A742-46200046A47A}.Debug|Mixed Platforms.Build.0 = Debug|Any CPU
		{F6037B5D-F616-427B-A742-46200046A47A}.Debug|x86.ActiveCfg = Debug|Any CPU
		{F6037B5D-F616-427B-A742-46200046A47A}.Release|Any CPU.ActiveCfg = Release|Any CPU
		{F6037B5D-F616-427B-A742-46200046A47A}.Release|Any CPU.Build.0 = Release|Any CPU
		{F6037B5D-F616-427B-A742-46200046A47A}.Release|Mixed Platforms.ActiveCfg = Release|Any CPU
		{F6037B5D-F616-427B-A742-46200046A47A}.Release|Mixed Platforms.Build.0 = Release|Any CPU
		{F6037B5D-F616-427B-A742-46200046A47A}.Release|x86.ActiveCfg = Release|Any CPU
		{5EE3B59D-B4BD-4466-95DD-334D0A9C784C}.Debug|Any CPU.ActiveCfg = Debug|Any CPU
		{5EE3B59D-B4BD-4466-95DD-334D0A9C784C}.Debug|Any CPU.Build.0 = Debug|Any CPU
		{5EE3B59D-B4BD-4466-95DD-334D0A9C784C}.Debug|Mixed Platforms.ActiveCfg = Debug|Any CPU
		{5EE3B59D-B4BD-4466-95DD-334D0A9C784C}.Debug|Mixed Platforms.Build.0 = Debug|Any CPU
		{5EE3B59D-B4BD-4466-95DD-334D0A9C784C}.Debug|x86.ActiveCfg = Debug|Any CPU
		{5EE3B59D-B4BD-4466-95DD-334D0A9C784C}.Release|Any CPU.ActiveCfg = Release|Any CPU
		{5EE3B59D-B4BD-4466-95DD-334D0A9C784C}.Release|Any CPU.Build.0 = Release|Any CPU
		{5EE3B59D-B4BD-4466-95DD-334D0A9C784C}.Release|Mixed Platforms.ActiveCfg = Release|Any CPU
		{5EE3B59D-B4BD-4466-95DD-334D0A9C784C}.Release|Mixed Platforms.Build.0 = Release|Any CPU
		{5EE3B59D-B4BD-4466-95DD-334D0A9C784C}.Release|x86.ActiveCfg = Release|Any CPU
		{588F0A4F-507D-4178-988B-05BCBD33DC0F}.Debug|Any CPU.ActiveCfg = Debug|x86
		{588F0A4F-507D-4178-988B-05BCBD33DC0F}.Debug|Mixed Platforms.ActiveCfg = Debug|x86
		{588F0A4F-507D-4178-988B-05BCBD33DC0F}.Debug|Mixed Platforms.Build.0 = Debug|x86
		{588F0A4F-507D-4178-988B-05BCBD33DC0F}.Debug|x86.ActiveCfg = Debug|x86
		{588F0A4F-507D-4178-988B-05BCBD33DC0F}.Debug|x86.Build.0 = Debug|x86
		{588F0A4F-507D-4178-988B-05BCBD33DC0F}.Release|Any CPU.ActiveCfg = Release|x86
		{588F0A4F-507D-4178-988B-05BCBD33DC0F}.Release|Mixed Platforms.ActiveCfg = Release|x86
		{588F0A4F-507D-4178-988B-05BCBD33DC0F}.Release|Mixed Platforms.Build.0 = Release|x86
		{588F0A4F-507D-4178-988B-05BCBD33DC0F}.Release|x86.ActiveCfg = Release|x86
		{588F0A4F-507D-4178-988B-05BCBD33DC0F}.Release|x86.Build.0 = Release|x86
		{BC973EC1-80D2-4F06-A078-0A7E44E3AE8C}.Debug|Any CPU.ActiveCfg = Debug|Any CPU
		{BC973EC1-80D2-4F06-A078-0A7E44E3AE8C}.Debug|Any CPU.Build.0 = Debug|Any CPU
		{BC973EC1-80D2-4F06-A078-0A7E44E3AE8C}.Debug|Mixed Platforms.ActiveCfg = Debug|Any CPU
		{BC973EC1-80D2-4F06-A078-0A7E44E3AE8C}.Debug|Mixed Platforms.Build.0 = Debug|Any CPU
		{BC973EC1-80D2-4F06-A078-0A7E44E3AE8C}.Debug|x86.ActiveCfg = Debug|Any CPU
		{BC973EC1-80D2-4F06-A078-0A7E44E3AE8C}.Release|Any CPU.ActiveCfg = Release|Any CPU
		{BC973EC1-80D2-4F06-A078-0A7E44E3AE8C}.Release|Any CPU.Build.0 = Release|Any CPU
		{BC973EC1-80D2-4F06-A078-0A7E44E3AE8C}.Release|Mixed Platforms.ActiveCfg = Release|Any CPU
		{BC973EC1-80D2-4F06-A078-0A7E44E3AE8C}.Release|Mixed Platforms.Build.0 = Release|Any CPU
		{BC973EC1-80D2-4F06-A078-0A7E44E3AE8C}.Release|x86.ActiveCfg = Release|Any CPU
	EndGlobalSection
	GlobalSection(SolutionProperties) = preSolution
		HideSolutionNode = FALSE
	EndGlobalSection
	GlobalSection(NestedProjects) = preSolution
		{AEE2B47D-591D-42B5-8EDC-CC676A661F9D} = {54CFCF76-B05B-45F6-8F1F-0EE088E1C77F}
		{4E2E749C-4D6F-4EF8-8E9D-96D467306997} = {54CFCF76-B05B-45F6-8F1F-0EE088E1C77F}
		{31870DB4-9A82-4476-9E6D-F36001029559} = {54CFCF76-B05B-45F6-8F1F-0EE088E1C77F}
		{81FE0373-6BCA-4CF6-8238-AABE4D9D3E4F} = {54CFCF76-B05B-45F6-8F1F-0EE088E1C77F}
		{96E3B247-C04C-4138-A042-7969562B4B0F} = {54CFCF76-B05B-45F6-8F1F-0EE088E1C77F}
		{24DA9150-1C7E-45B3-8A75-EA529081237F} = {54CFCF76-B05B-45F6-8F1F-0EE088E1C77F}
		{4CA060AB-B366-4E78-B7C7-7C35582545CD} = {836CF553-2224-4EEE-8312-9DBC439307A5}
		{9AED1DC6-669D-4F6D-9903-8DE218C3E663} = {836CF553-2224-4EEE-8312-9DBC439307A5}
		{103F99C7-A479-4A8B-8CFB-E6374D4228A5} = {836CF553-2224-4EEE-8312-9DBC439307A5}
		{3DC343BE-17F8-4291-958E-1862204E7366} = {836CF553-2224-4EEE-8312-9DBC439307A5}
		{861D2282-FC25-424A-BA0C-84FFC3798C51} = {4CA060AB-B366-4E78-B7C7-7C35582545CD}
		{2CD8DF0F-5CEF-4938-BC26-B3446D2B3044} = {4CA060AB-B366-4E78-B7C7-7C35582545CD}
		{BC973EC1-80D2-4F06-A078-0A7E44E3AE8C} = {4CA060AB-B366-4E78-B7C7-7C35582545CD}
		{5EE3B59D-B4BD-4466-95DD-334D0A9C784C} = {9AED1DC6-669D-4F6D-9903-8DE218C3E663}
		{588F0A4F-507D-4178-988B-05BCBD33DC0F} = {9AED1DC6-669D-4F6D-9903-8DE218C3E663}
		{2A4A9A2C-5D8D-4078-B118-02A1D386A9FA} = {103F99C7-A479-4A8B-8CFB-E6374D4228A5}
		{85F10E26-B454-4719-9ADD-A8CD147B0AE4} = {103F99C7-A479-4A8B-8CFB-E6374D4228A5}
		{6851BB9D-1A9B-4CAB-9424-79D07992D9C6} = {103F99C7-A479-4A8B-8CFB-E6374D4228A5}
		{37C981DB-8D49-42B8-8854-53A2945F53A8} = {3DC343BE-17F8-4291-958E-1862204E7366}
		{F6037B5D-F616-427B-A742-46200046A47A} = {3DC343BE-17F8-4291-958E-1862204E7366}
	EndGlobalSection
EndGlobal
