
Microsoft Visual Studio Solution File, Format Version 11.00
# Visual Studio 2010
Project("{FAE04EC0-301F-11D3-BF4B-00C04F79EFBC}") = "Lokad.Cqrs.Portable", "Core\Lokad.Cqrs.Portable\Lokad.Cqrs.Portable.csproj", "{4E2E749C-4D6F-4EF8-8E9D-96D467306997}"
EndProject
Project("{FAE04EC0-301F-11D3-BF4B-00C04F79EFBC}") = "Lokad.Cqrs.Azure", "Core\Lokad.Cqrs.Azure\Lokad.Cqrs.Azure.csproj", "{AEE2B47D-591D-42B5-8EDC-CC676A661F9D}"
EndProject
Project("{2150E333-8FDC-42A3-9474-1A3956D46DE8}") = "Core", "Core", "{54CFCF76-B05B-45F6-8F1F-0EE088E1C77F}"
EndProject
Project("{FAE04EC0-301F-11D3-BF4B-00C04F79EFBC}") = "Lokad.Cqrs.Http", "Core\Lokad.Cqrs.Http\Lokad.Cqrs.Http.csproj", "{31870DB4-9A82-4476-9E6D-F36001029559}"
EndProject
Project("{FAE04EC0-301F-11D3-BF4B-00C04F79EFBC}") = "Snippets", "Snippets\Snippets.csproj", "{81FE0373-6BCA-4CF6-8238-AABE4D9D3E4F}"
EndProject
Project("{FAE04EC0-301F-11D3-BF4B-00C04F79EFBC}") = "Lokad.Cqrs.Portable.Tests", "Core\Lokad.Cqrs.Portable.Tests\Lokad.Cqrs.Portable.Tests.csproj", "{96E3B247-C04C-4138-A042-7969562B4B0F}"
EndProject
Project("{FAE04EC0-301F-11D3-BF4B-00C04F79EFBC}") = "Lokad.Cqrs.Azure.Tests", "Core\Lokad.Cqrs.Azure.Tests\Lokad.Cqrs.Azure.Tests.csproj", "{24DA9150-1C7E-45B3-8A75-EA529081237F}"
EndProject
Project("{2150E333-8FDC-42A3-9474-1A3956D46DE8}") = "SampleProject", "SampleProject", "{836CF553-2224-4EEE-8312-9DBC439307A5}"
EndProject
Project("{FAE04EC0-301F-11D3-BF4B-00C04F79EFBC}") = "Dsl", "SampleProject\Tools\Dsl\Dsl.csproj", "{2CD8DF0F-5CEF-4938-BC26-B3446D2B3044}"
EndProject
Project("{FAE04EC0-301F-11D3-BF4B-00C04F79EFBC}") = "SimpleTests", "SampleProject\Tools\SimpleTests\SimpleTests.csproj", "{861D2282-FC25-424A-BA0C-84FFC3798C51}"
EndProject
Global
	GlobalSection(SolutionConfigurationPlatforms) = preSolution
		Debug|Any CPU = Debug|Any CPU
		Debug|Mixed Platforms = Debug|Mixed Platforms
		Debug|x86 = Debug|x86
		Release|Any CPU = Release|Any CPU
		Release|Mixed Platforms = Release|Mixed Platforms
		Release|x86 = Release|x86
	EndGlobalSection
	GlobalSection(ProjectConfigurationPlatforms) = postSolution
		{4E2E749C-4D6F-4EF8-8E9D-96D467306997}.Debug|Any CPU.ActiveCfg = Debug|Any CPU
		{4E2E749C-4D6F-4EF8-8E9D-96D467306997}.Debug|Any CPU.Build.0 = Debug|Any CPU
		{4E2E749C-4D6F-4EF8-8E9D-96D467306997}.Debug|Mixed Platforms.ActiveCfg = Debug|Any CPU
		{4E2E749C-4D6F-4EF8-8E9D-96D467306997}.Debug|Mixed Platforms.Build.0 = Debug|Any CPU
		{4E2E749C-4D6F-4EF8-8E9D-96D467306997}.Debug|x86.ActiveCfg = Debug|Any CPU
		{4E2E749C-4D6F-4EF8-8E9D-96D467306997}.Release|Any CPU.ActiveCfg = Release|Any CPU
		{4E2E749C-4D6F-4EF8-8E9D-96D467306997}.Release|Any CPU.Build.0 = Release|Any CPU
		{4E2E749C-4D6F-4EF8-8E9D-96D467306997}.Release|Mixed Platforms.ActiveCfg = Release|Any CPU
		{4E2E749C-4D6F-4EF8-8E9D-96D467306997}.Release|Mixed Platforms.Build.0 = Release|Any CPU
		{4E2E749C-4D6F-4EF8-8E9D-96D467306997}.Release|x86.ActiveCfg = Release|Any CPU
		{AEE2B47D-591D-42B5-8EDC-CC676A661F9D}.Debug|Any CPU.ActiveCfg = Debug|Any CPU
		{AEE2B47D-591D-42B5-8EDC-CC676A661F9D}.Debug|Any CPU.Build.0 = Debug|Any CPU
		{AEE2B47D-591D-42B5-8EDC-CC676A661F9D}.Debug|Mixed Platforms.ActiveCfg = Debug|Any CPU
		{AEE2B47D-591D-42B5-8EDC-CC676A661F9D}.Debug|Mixed Platforms.Build.0 = Debug|Any CPU
		{AEE2B47D-591D-42B5-8EDC-CC676A661F9D}.Debug|x86.ActiveCfg = Debug|Any CPU
		{AEE2B47D-591D-42B5-8EDC-CC676A661F9D}.Release|Any CPU.ActiveCfg = Release|Any CPU
		{AEE2B47D-591D-42B5-8EDC-CC676A661F9D}.Release|Any CPU.Build.0 = Release|Any CPU
		{AEE2B47D-591D-42B5-8EDC-CC676A661F9D}.Release|Mixed Platforms.ActiveCfg = Release|Any CPU
		{AEE2B47D-591D-42B5-8EDC-CC676A661F9D}.Release|Mixed Platforms.Build.0 = Release|Any CPU
		{AEE2B47D-591D-42B5-8EDC-CC676A661F9D}.Release|x86.ActiveCfg = Release|Any CPU
		{31870DB4-9A82-4476-9E6D-F36001029559}.Debug|Any CPU.ActiveCfg = Debug|Any CPU
		{31870DB4-9A82-4476-9E6D-F36001029559}.Debug|Any CPU.Build.0 = Debug|Any CPU
		{31870DB4-9A82-4476-9E6D-F36001029559}.Debug|Mixed Platforms.ActiveCfg = Debug|Any CPU
		{31870DB4-9A82-4476-9E6D-F36001029559}.Debug|Mixed Platforms.Build.0 = Debug|Any CPU
		{31870DB4-9A82-4476-9E6D-F36001029559}.Debug|x86.ActiveCfg = Debug|Any CPU
		{31870DB4-9A82-4476-9E6D-F36001029559}.Release|Any CPU.ActiveCfg = Release|Any CPU
		{31870DB4-9A82-4476-9E6D-F36001029559}.Release|Any CPU.Build.0 = Release|Any CPU
		{31870DB4-9A82-4476-9E6D-F36001029559}.Release|Mixed Platforms.ActiveCfg = Release|Any CPU
		{31870DB4-9A82-4476-9E6D-F36001029559}.Release|Mixed Platforms.Build.0 = Release|Any CPU
		{31870DB4-9A82-4476-9E6D-F36001029559}.Release|x86.ActiveCfg = Release|Any CPU
		{81FE0373-6BCA-4CF6-8238-AABE4D9D3E4F}.Debug|Any CPU.ActiveCfg = Debug|Any CPU
		{81FE0373-6BCA-4CF6-8238-AABE4D9D3E4F}.Debug|Any CPU.Build.0 = Debug|Any CPU
		{81FE0373-6BCA-4CF6-8238-AABE4D9D3E4F}.Debug|Mixed Platforms.ActiveCfg = Debug|Any CPU
		{81FE0373-6BCA-4CF6-8238-AABE4D9D3E4F}.Debug|Mixed Platforms.Build.0 = Debug|Any CPU
		{81FE0373-6BCA-4CF6-8238-AABE4D9D3E4F}.Debug|x86.ActiveCfg = Debug|Any CPU
		{81FE0373-6BCA-4CF6-8238-AABE4D9D3E4F}.Release|Any CPU.ActiveCfg = Release|Any CPU
		{81FE0373-6BCA-4CF6-8238-AABE4D9D3E4F}.Release|Any CPU.Build.0 = Release|Any CPU
		{81FE0373-6BCA-4CF6-8238-AABE4D9D3E4F}.Release|Mixed Platforms.ActiveCfg = Release|Any CPU
		{81FE0373-6BCA-4CF6-8238-AABE4D9D3E4F}.Release|Mixed Platforms.Build.0 = Release|Any CPU
		{81FE0373-6BCA-4CF6-8238-AABE4D9D3E4F}.Release|x86.ActiveCfg = Release|Any CPU
		{96E3B247-C04C-4138-A042-7969562B4B0F}.Debug|Any CPU.ActiveCfg = Debug|Any CPU
		{96E3B247-C04C-4138-A042-7969562B4B0F}.Debug|Any CPU.Build.0 = Debug|Any CPU
		{96E3B247-C04C-4138-A042-7969562B4B0F}.Debug|Mixed Platforms.ActiveCfg = Debug|Any CPU
		{96E3B247-C04C-4138-A042-7969562B4B0F}.Debug|Mixed Platforms.Build.0 = Debug|Any CPU
		{96E3B247-C04C-4138-A042-7969562B4B0F}.Debug|x86.ActiveCfg = Debug|Any CPU
		{96E3B247-C04C-4138-A042-7969562B4B0F}.Release|Any CPU.ActiveCfg = Release|Any CPU
		{96E3B247-C04C-4138-A042-7969562B4B0F}.Release|Any CPU.Build.0 = Release|Any CPU
		{96E3B247-C04C-4138-A042-7969562B4B0F}.Release|Mixed Platforms.ActiveCfg = Release|Any CPU
		{96E3B247-C04C-4138-A042-7969562B4B0F}.Release|Mixed Platforms.Build.0 = Release|Any CPU
		{96E3B247-C04C-4138-A042-7969562B4B0F}.Release|x86.ActiveCfg = Release|Any CPU
		{24DA9150-1C7E-45B3-8A75-EA529081237F}.Debug|Any CPU.ActiveCfg = Debug|Any CPU
		{24DA9150-1C7E-45B3-8A75-EA529081237F}.Debug|Any CPU.Build.0 = Debug|Any CPU
		{24DA9150-1C7E-45B3-8A75-EA529081237F}.Debug|Mixed Platforms.ActiveCfg = Debug|Any CPU
		{24DA9150-1C7E-45B3-8A75-EA529081237F}.Debug|Mixed Platforms.Build.0 = Debug|Any CPU
		{24DA9150-1C7E-45B3-8A75-EA529081237F}.Debug|x86.ActiveCfg = Debug|Any CPU
		{24DA9150-1C7E-45B3-8A75-EA529081237F}.Release|Any CPU.ActiveCfg = Release|Any CPU
		{24DA9150-1C7E-45B3-8A75-EA529081237F}.Release|Any CPU.Build.0 = Release|Any CPU
		{24DA9150-1C7E-45B3-8A75-EA529081237F}.Release|Mixed Platforms.ActiveCfg = Release|Any CPU
		{24DA9150-1C7E-45B3-8A75-EA529081237F}.Release|Mixed Platforms.Build.0 = Release|Any CPU
		{24DA9150-1C7E-45B3-8A75-EA529081237F}.Release|x86.ActiveCfg = Release|Any CPU
		{2CD8DF0F-5CEF-4938-BC26-B3446D2B3044}.Debug|Any CPU.ActiveCfg = Debug|Any CPU
		{2CD8DF0F-5CEF-4938-BC26-B3446D2B3044}.Debug|Any CPU.Build.0 = Debug|Any CPU
		{2CD8DF0F-5CEF-4938-BC26-B3446D2B3044}.Debug|Mixed Platforms.ActiveCfg = Debug|Any CPU
		{2CD8DF0F-5CEF-4938-BC26-B3446D2B3044}.Debug|Mixed Platforms.Build.0 = Debug|Any CPU
		{2CD8DF0F-5CEF-4938-BC26-B3446D2B3044}.Debug|x86.ActiveCfg = Debug|Any CPU
		{2CD8DF0F-5CEF-4938-BC26-B3446D2B3044}.Release|Any CPU.ActiveCfg = Release|Any CPU
		{2CD8DF0F-5CEF-4938-BC26-B3446D2B3044}.Release|Any CPU.Build.0 = Release|Any CPU
		{2CD8DF0F-5CEF-4938-BC26-B3446D2B3044}.Release|Mixed Platforms.ActiveCfg = Release|Any CPU
		{2CD8DF0F-5CEF-4938-BC26-B3446D2B3044}.Release|Mixed Platforms.Build.0 = Release|Any CPU
		{2CD8DF0F-5CEF-4938-BC26-B3446D2B3044}.Release|x86.ActiveCfg = Release|Any CPU
		{861D2282-FC25-424A-BA0C-84FFC3798C51}.Debug|Any CPU.ActiveCfg = Debug|Any CPU
		{861D2282-FC25-424A-BA0C-84FFC3798C51}.Debug|Any CPU.Build.0 = Debug|Any CPU
		{861D2282-FC25-424A-BA0C-84FFC3798C51}.Debug|Mixed Platforms.ActiveCfg = Debug|Any CPU
		{861D2282-FC25-424A-BA0C-84FFC3798C51}.Debug|Mixed Platforms.Build.0 = Debug|Any CPU
		{861D2282-FC25-424A-BA0C-84FFC3798C51}.Debug|x86.ActiveCfg = Debug|Any CPU
		{861D2282-FC25-424A-BA0C-84FFC3798C51}.Release|Any CPU.ActiveCfg = Release|Any CPU
		{861D2282-FC25-424A-BA0C-84FFC3798C51}.Release|Any CPU.Build.0 = Release|Any CPU
		{861D2282-FC25-424A-BA0C-84FFC3798C51}.Release|Mixed Platforms.ActiveCfg = Release|Any CPU
		{861D2282-FC25-424A-BA0C-84FFC3798C51}.Release|Mixed Platforms.Build.0 = Release|Any CPU
		{861D2282-FC25-424A-BA0C-84FFC3798C51}.Release|x86.ActiveCfg = Release|Any CPU
	EndGlobalSection
	GlobalSection(SolutionProperties) = preSolution
		HideSolutionNode = FALSE
	EndGlobalSection
	GlobalSection(NestedProjects) = preSolution
		{AEE2B47D-591D-42B5-8EDC-CC676A661F9D} = {54CFCF76-B05B-45F6-8F1F-0EE088E1C77F}
		{4E2E749C-4D6F-4EF8-8E9D-96D467306997} = {54CFCF76-B05B-45F6-8F1F-0EE088E1C77F}
		{31870DB4-9A82-4476-9E6D-F36001029559} = {54CFCF76-B05B-45F6-8F1F-0EE088E1C77F}
		{81FE0373-6BCA-4CF6-8238-AABE4D9D3E4F} = {54CFCF76-B05B-45F6-8F1F-0EE088E1C77F}
		{96E3B247-C04C-4138-A042-7969562B4B0F} = {54CFCF76-B05B-45F6-8F1F-0EE088E1C77F}
		{24DA9150-1C7E-45B3-8A75-EA529081237F} = {54CFCF76-B05B-45F6-8F1F-0EE088E1C77F}
		{2CD8DF0F-5CEF-4938-BC26-B3446D2B3044} = {836CF553-2224-4EEE-8312-9DBC439307A5}
		{861D2282-FC25-424A-BA0C-84FFC3798C51} = {836CF553-2224-4EEE-8312-9DBC439307A5}
	EndGlobalSection
EndGlobal
